// !$*UTF8*$!
{
	archiveVersion = 1;
	classes = {
	};
	objectVersion = 46;
	objects = {

/* Begin PBXBuildFile section */
		D017EC5D1F27C7F10023ADDA /* DetailsViewController.swift in Sources */ = {isa = PBXBuildFile; fileRef = D017EC5C1F27C7F10023ADDA /* DetailsViewController.swift */; };
		D02F0D071F2233A20034BC5B /* MapZoneViewController.swift in Sources */ = {isa = PBXBuildFile; fileRef = D02F0D061F2233A20034BC5B /* MapZoneViewController.swift */; };
		D02F0D091F2239860034BC5B /* CountryLocation.swift in Sources */ = {isa = PBXBuildFile; fileRef = D02F0D081F2239860034BC5B /* CountryLocation.swift */; };
		D02F0D0B1F22529F0034BC5B /* CustomPointAnnotation.swift in Sources */ = {isa = PBXBuildFile; fileRef = D02F0D0A1F22529F0034BC5B /* CustomPointAnnotation.swift */; };
		D02F0D0D1F22597F0034BC5B /* CountryImages.swift in Sources */ = {isa = PBXBuildFile; fileRef = D02F0D0C1F22597F0034BC5B /* CountryImages.swift */; };
		D04332DB1F23C33800BE7187 /* CoreLocation.framework in Frameworks */ = {isa = PBXBuildFile; fileRef = D04332DA1F23C33800BE7187 /* CoreLocation.framework */; };
		D04332DD1F23C3C200BE7187 /* MissionUpdateViewController.swift in Sources */ = {isa = PBXBuildFile; fileRef = D04332DC1F23C3C200BE7187 /* MissionUpdateViewController.swift */; };
		D08B6A481F21927900A1D5B5 /* CoreDataManager.swift in Sources */ = {isa = PBXBuildFile; fileRef = D08B6A471F21927900A1D5B5 /* CoreDataManager.swift */; };
		D08B6A4A1F219D1C00A1D5B5 /* Encrypter.swift in Sources */ = {isa = PBXBuildFile; fileRef = D08B6A491F219D1C00A1D5B5 /* Encrypter.swift */; };
		D08B6A4C1F219D7100A1D5B5 /* PickerData.swift in Sources */ = {isa = PBXBuildFile; fileRef = D08B6A4B1F219D7100A1D5B5 /* PickerData.swift */; };
		D08B6A4E1F21A0FF00A1D5B5 /* AddAgentViewController.swift in Sources */ = {isa = PBXBuildFile; fileRef = D08B6A4D1F21A0FF00A1D5B5 /* AddAgentViewController.swift */; };
		D0BF59161F21386C0088F24F /* AppDelegate.swift in Sources */ = {isa = PBXBuildFile; fileRef = D0BF59151F21386C0088F24F /* AppDelegate.swift */; };
		D0BF59181F21386C0088F24F /* ViewController.swift in Sources */ = {isa = PBXBuildFile; fileRef = D0BF59171F21386C0088F24F /* ViewController.swift */; };
		D0BF591B1F21386C0088F24F /* Main.storyboard in Resources */ = {isa = PBXBuildFile; fileRef = D0BF59191F21386C0088F24F /* Main.storyboard */; };
		D0BF591E1F21386C0088F24F /* Project.xcdatamodeld in Sources */ = {isa = PBXBuildFile; fileRef = D0BF591C1F21386C0088F24F /* Project.xcdatamodeld */; };
		D0BF59201F21386C0088F24F /* Assets.xcassets in Resources */ = {isa = PBXBuildFile; fileRef = D0BF591F1F21386C0088F24F /* Assets.xcassets */; };
		D0BF59231F21386C0088F24F /* LaunchScreen.storyboard in Resources */ = {isa = PBXBuildFile; fileRef = D0BF59211F21386C0088F24F /* LaunchScreen.storyboard */; };
/* End PBXBuildFile section */

/* Begin PBXFileReference section */
		D017EC5C1F27C7F10023ADDA /* DetailsViewController.swift */ = {isa = PBXFileReference; fileEncoding = 4; lastKnownFileType = sourcecode.swift; path = DetailsViewController.swift; sourceTree = "<group>"; };
		D02F0D061F2233A20034BC5B /* MapZoneViewController.swift */ = {isa = PBXFileReference; fileEncoding = 4; lastKnownFileType = sourcecode.swift; path = MapZoneViewController.swift; sourceTree = "<group>"; };
		D02F0D081F2239860034BC5B /* CountryLocation.swift */ = {isa = PBXFileReference; fileEncoding = 4; lastKnownFileType = sourcecode.swift; path = CountryLocation.swift; sourceTree = "<group>"; };
		D02F0D0A1F22529F0034BC5B /* CustomPointAnnotation.swift */ = {isa = PBXFileReference; fileEncoding = 4; lastKnownFileType = sourcecode.swift; path = CustomPointAnnotation.swift; sourceTree = "<group>"; };
		D02F0D0C1F22597F0034BC5B /* CountryImages.swift */ = {isa = PBXFileReference; fileEncoding = 4; lastKnownFileType = sourcecode.swift; path = CountryImages.swift; sourceTree = "<group>"; };
		D04332DA1F23C33800BE7187 /* CoreLocation.framework */ = {isa = PBXFileReference; lastKnownFileType = wrapper.framework; name = CoreLocation.framework; path = System/Library/Frameworks/CoreLocation.framework; sourceTree = SDKROOT; };
		D04332DC1F23C3C200BE7187 /* MissionUpdateViewController.swift */ = {isa = PBXFileReference; fileEncoding = 4; lastKnownFileType = sourcecode.swift; path = MissionUpdateViewController.swift; sourceTree = "<group>"; };
		D08B6A471F21927900A1D5B5 /* CoreDataManager.swift */ = {isa = PBXFileReference; fileEncoding = 4; lastKnownFileType = sourcecode.swift; path = CoreDataManager.swift; sourceTree = "<group>"; };
		D08B6A491F219D1C00A1D5B5 /* Encrypter.swift */ = {isa = PBXFileReference; fileEncoding = 4; lastKnownFileType = sourcecode.swift; path = Encrypter.swift; sourceTree = "<group>"; };
		D08B6A4B1F219D7100A1D5B5 /* PickerData.swift */ = {isa = PBXFileReference; fileEncoding = 4; lastKnownFileType = sourcecode.swift; path = PickerData.swift; sourceTree = "<group>"; };
		D08B6A4D1F21A0FF00A1D5B5 /* AddAgentViewController.swift */ = {isa = PBXFileReference; fileEncoding = 4; lastKnownFileType = sourcecode.swift; path = AddAgentViewController.swift; sourceTree = "<group>"; };
		D0BF59121F21386C0088F24F /* Project.app */ = {isa = PBXFileReference; explicitFileType = wrapper.application; includeInIndex = 0; path = Project.app; sourceTree = BUILT_PRODUCTS_DIR; };
		D0BF59151F21386C0088F24F /* AppDelegate.swift */ = {isa = PBXFileReference; lastKnownFileType = sourcecode.swift; path = AppDelegate.swift; sourceTree = "<group>"; };
		D0BF59171F21386C0088F24F /* ViewController.swift */ = {isa = PBXFileReference; lastKnownFileType = sourcecode.swift; path = ViewController.swift; sourceTree = "<group>"; };
		D0BF591A1F21386C0088F24F /* Base */ = {isa = PBXFileReference; lastKnownFileType = file.storyboard; name = Base; path = Base.lproj/Main.storyboard; sourceTree = "<group>"; };
		D0BF591D1F21386C0088F24F /* Project.xcdatamodel */ = {isa = PBXFileReference; lastKnownFileType = wrapper.xcdatamodel; path = Project.xcdatamodel; sourceTree = "<group>"; };
		D0BF591F1F21386C0088F24F /* Assets.xcassets */ = {isa = PBXFileReference; lastKnownFileType = folder.assetcatalog; path = Assets.xcassets; sourceTree = "<group>"; };
		D0BF59221F21386C0088F24F /* Base */ = {isa = PBXFileReference; lastKnownFileType = file.storyboard; name = Base; path = Base.lproj/LaunchScreen.storyboard; sourceTree = "<group>"; };
		D0BF59241F21386C0088F24F /* Info.plist */ = {isa = PBXFileReference; lastKnownFileType = text.plist.xml; path = Info.plist; sourceTree = "<group>"; };
/* End PBXFileReference section */

/* Begin PBXFrameworksBuildPhase section */
		D0BF590F1F21386C0088F24F /* Frameworks */ = {
			isa = PBXFrameworksBuildPhase;
			buildActionMask = 2147483647;
			files = (
				D04332DB1F23C33800BE7187 /* CoreLocation.framework in Frameworks */,
			);
			runOnlyForDeploymentPostprocessing = 0;
		};
/* End PBXFrameworksBuildPhase section */

/* Begin PBXGroup section */
		D04332D91F23C33700BE7187 /* Frameworks */ = {
			isa = PBXGroup;
			children = (
				D04332DA1F23C33800BE7187 /* CoreLocation.framework */,
			);
			name = Frameworks;
			sourceTree = "<group>";
		};
		D08B6A461F21925D00A1D5B5 /* Models */ = {
			isa = PBXGroup;
			children = (
				D08B6A471F21927900A1D5B5 /* CoreDataManager.swift */,
				D08B6A491F219D1C00A1D5B5 /* Encrypter.swift */,
				D02F0D081F2239860034BC5B /* CountryLocation.swift */,
				D08B6A4B1F219D7100A1D5B5 /* PickerData.swift */,
				D02F0D0C1F22597F0034BC5B /* CountryImages.swift */,
				D02F0D0A1F22529F0034BC5B /* CustomPointAnnotation.swift */,
			);
			name = Models;
			sourceTree = "<group>";
		};
		D0BF59091F21386C0088F24F = {
			isa = PBXGroup;
			children = (
				D08B6A461F21925D00A1D5B5 /* Models */,
				D0BF59141F21386C0088F24F /* Project */,
				D0BF59131F21386C0088F24F /* Products */,
				D04332D91F23C33700BE7187 /* Frameworks */,
			);
			sourceTree = "<group>";
		};
		D0BF59131F21386C0088F24F /* Products */ = {
			isa = PBXGroup;
			children = (
				D0BF59121F21386C0088F24F /* Project.app */,
			);
			name = Products;
			sourceTree = "<group>";
		};
		D0BF59141F21386C0088F24F /* Project */ = {
			isa = PBXGroup;
			children = (
				D0BF59151F21386C0088F24F /* AppDelegate.swift */,
				D0BF59171F21386C0088F24F /* ViewController.swift */,
				D0BF59191F21386C0088F24F /* Main.storyboard */,
				D0BF591F1F21386C0088F24F /* Assets.xcassets */,
				D02F0D061F2233A20034BC5B /* MapZoneViewController.swift */,
				D017EC5C1F27C7F10023ADDA /* DetailsViewController.swift */,
				D04332DC1F23C3C200BE7187 /* MissionUpdateViewController.swift */,
				D08B6A4D1F21A0FF00A1D5B5 /* AddAgentViewController.swift */,
				D0BF59211F21386C0088F24F /* LaunchScreen.storyboard */,
				D0BF59241F21386C0088F24F /* Info.plist */,
				D0BF591C1F21386C0088F24F /* Project.xcdatamodeld */,
			);
			path = Project;
			sourceTree = "<group>";
		};
/* End PBXGroup section */

/* Begin PBXNativeTarget section */
		D0BF59111F21386C0088F24F /* Project */ = {
			isa = PBXNativeTarget;
			buildConfigurationList = D0BF59271F21386D0088F24F /* Build configuration list for PBXNativeTarget "Project" */;
			buildPhases = (
				D0BF590E1F21386C0088F24F /* Sources */,
				D0BF590F1F21386C0088F24F /* Frameworks */,
				D0BF59101F21386C0088F24F /* Resources */,
			);
			buildRules = (
			);
			dependencies = (
			);
			name = Project;
			productName = Project;
			productReference = D0BF59121F21386C0088F24F /* Project.app */;
			productType = "com.apple.product-type.application";
		};
/* End PBXNativeTarget section */

/* Begin PBXProject section */
		D0BF590A1F21386C0088F24F /* Project object */ = {
			isa = PBXProject;
			attributes = {
				LastSwiftUpdateCheck = 0830;
				LastUpgradeCheck = 0830;
				ORGANIZATIONNAME = SateekLambton;
				TargetAttributes = {
					D0BF59111F21386C0088F24F = {
						CreatedOnToolsVersion = 8.3.3;
						DevelopmentTeam = BUWXTRA9GU;
						ProvisioningStyle = Automatic;
					};
				};
			};
			buildConfigurationList = D0BF590D1F21386C0088F24F /* Build configuration list for PBXProject "Project" */;
			compatibilityVersion = "Xcode 3.2";
			developmentRegion = English;
			hasScannedForEncodings = 0;
			knownRegions = (
				en,
				Base,
			);
			mainGroup = D0BF59091F21386C0088F24F;
			productRefGroup = D0BF59131F21386C0088F24F /* Products */;
			projectDirPath = "";
			projectRoot = "";
			targets = (
				D0BF59111F21386C0088F24F /* Project */,
			);
		};
/* End PBXProject section */

/* Begin PBXResourcesBuildPhase section */
		D0BF59101F21386C0088F24F /* Resources */ = {
			isa = PBXResourcesBuildPhase;
			buildActionMask = 2147483647;
			files = (
				D0BF59231F21386C0088F24F /* LaunchScreen.storyboard in Resources */,
				D0BF59201F21386C0088F24F /* Assets.xcassets in Resources */,
				D0BF591B1F21386C0088F24F /* Main.storyboard in Resources */,
			);
			runOnlyForDeploymentPostprocessing = 0;
		};
/* End PBXResourcesBuildPhase section */

/* Begin PBXSourcesBuildPhase section */
		D0BF590E1F21386C0088F24F /* Sources */ = {
			isa = PBXSourcesBuildPhase;
			buildActionMask = 2147483647;
			files = (
				D0BF59181F21386C0088F24F /* ViewController.swift in Sources */,
				D02F0D091F2239860034BC5B /* CountryLocation.swift in Sources */,
				D0BF591E1F21386C0088F24F /* Project.xcdatamodeld in Sources */,
				D08B6A4A1F219D1C00A1D5B5 /* Encrypter.swift in Sources */,
				D08B6A4E1F21A0FF00A1D5B5 /* AddAgentViewController.swift in Sources */,
				D08B6A481F21927900A1D5B5 /* CoreDataManager.swift in Sources */,
				D02F0D0B1F22529F0034BC5B /* CustomPointAnnotation.swift in Sources */,
				D0BF59161F21386C0088F24F /* AppDelegate.swift in Sources */,
				D04332DD1F23C3C200BE7187 /* MissionUpdateViewController.swift in Sources */,
				D08B6A4C1F219D7100A1D5B5 /* PickerData.swift in Sources */,
				D02F0D071F2233A20034BC5B /* MapZoneViewController.swift in Sources */,
				D017EC5D1F27C7F10023ADDA /* DetailsViewController.swift in Sources */,
				D02F0D0D1F22597F0034BC5B /* CountryImages.swift in Sources */,
			);
			runOnlyForDeploymentPostprocessing = 0;
		};
/* End PBXSourcesBuildPhase section */

/* Begin PBXVariantGroup section */
		D0BF59191F21386C0088F24F /* Main.storyboard */ = {
			isa = PBXVariantGroup;
			children = (
				D0BF591A1F21386C0088F24F /* Base */,
			);
			name = Main.storyboard;
			sourceTree = "<group>";
		};
		D0BF59211F21386C0088F24F /* LaunchScreen.storyboard */ = {
			isa = PBXVariantGroup;
			children = (
				D0BF59221F21386C0088F24F /* Base */,
			);
			name = LaunchScreen.storyboard;
			sourceTree = "<group>";
		};
/* End PBXVariantGroup section */

/* Begin XCBuildConfiguration section */
		D0BF59251F21386D0088F24F /* Debug */ = {
			isa = XCBuildConfiguration;
			buildSettings = {
				ALWAYS_SEARCH_USER_PATHS = NO;
				CLANG_ANALYZER_NONNULL = YES;
				CLANG_ANALYZER_NUMBER_OBJECT_CONVERSION = YES_AGGRESSIVE;
				CLANG_CXX_LANGUAGE_STANDARD = "gnu++0x";
				CLANG_CXX_LIBRARY = "libc++";
				CLANG_ENABLE_MODULES = YES;
				CLANG_ENABLE_OBJC_ARC = YES;
				CLANG_WARN_BOOL_CONVERSION = YES;
				CLANG_WARN_CONSTANT_CONVERSION = YES;
				CLANG_WARN_DIRECT_OBJC_ISA_USAGE = YES_ERROR;
				CLANG_WARN_DOCUMENTATION_COMMENTS = YES;
				CLANG_WARN_EMPTY_BODY = YES;
				CLANG_WARN_ENUM_CONVERSION = YES;
				CLANG_WARN_INFINITE_RECURSION = YES;
				CLANG_WARN_INT_CONVERSION = YES;
				CLANG_WARN_OBJC_ROOT_CLASS = YES_ERROR;
				CLANG_WARN_SUSPICIOUS_MOVE = YES;
				CLANG_WARN_UNREACHABLE_CODE = YES;
				CLANG_WARN__DUPLICATE_METHOD_MATCH = YES;
				"CODE_SIGN_IDENTITY[sdk=iphoneos*]" = "iPhone Developer";
				COPY_PHASE_STRIP = NO;
				DEBUG_INFORMATION_FORMAT = dwarf;
				ENABLE_STRICT_OBJC_MSGSEND = YES;
				ENABLE_TESTABILITY = YES;
				GCC_C_LANGUAGE_STANDARD = gnu99;
				GCC_DYNAMIC_NO_PIC = NO;
				GCC_NO_COMMON_BLOCKS = YES;
				GCC_OPTIMIZATION_LEVEL = 0;
				GCC_PREPROCESSOR_DEFINITIONS = (
					"DEBUG=1",
					"$(inherited)",
				);
				GCC_WARN_64_TO_32_BIT_CONVERSION = YES;
				GCC_WARN_ABOUT_RETURN_TYPE = YES_ERROR;
				GCC_WARN_UNDECLARED_SELECTOR = YES;
				GCC_WARN_UNINITIALIZED_AUTOS = YES_AGGRESSIVE;
				GCC_WARN_UNUSED_FUNCTION = YES;
				GCC_WARN_UNUSED_VARIABLE = YES;
				IPHONEOS_DEPLOYMENT_TARGET = 10.3;
				MTL_ENABLE_DEBUG_INFO = YES;
				ONLY_ACTIVE_ARCH = YES;
				SDKROOT = iphoneos;
				SWIFT_ACTIVE_COMPILATION_CONDITIONS = DEBUG;
				SWIFT_OPTIMIZATION_LEVEL = "-Onone";
				TARGETED_DEVICE_FAMILY = "1,2";
			};
			name = Debug;
		};
		D0BF59261F21386D0088F24F /* Release */ = {
			isa = XCBuildConfiguration;
			buildSettings = {
				ALWAYS_SEARCH_USER_PATHS = NO;
				CLANG_ANALYZER_NONNULL = YES;
				CLANG_ANALYZER_NUMBER_OBJECT_CONVERSION = YES_AGGRESSIVE;
				CLANG_CXX_LANGUAGE_STANDARD = "gnu++0x";
				CLANG_CXX_LIBRARY = "libc++";
				CLANG_ENABLE_MODULES = YES;
				CLANG_ENABLE_OBJC_ARC = YES;
				CLANG_WARN_BOOL_CONVERSION = YES;
				CLANG_WARN_CONSTANT_CONVERSION = YES;
				CLANG_WARN_DIRECT_OBJC_ISA_USAGE = YES_ERROR;
				CLANG_WARN_DOCUMENTATION_COMMENTS = YES;
				CLANG_WARN_EMPTY_BODY = YES;
				CLANG_WARN_ENUM_CONVERSION = YES;
				CLANG_WARN_INFINITE_RECURSION = YES;
				CLANG_WARN_INT_CONVERSION = YES;
				CLANG_WARN_OBJC_ROOT_CLASS = YES_ERROR;
				CLANG_WARN_SUSPICIOUS_MOVE = YES;
				CLANG_WARN_UNREACHABLE_CODE = YES;
				CLANG_WARN__DUPLICATE_METHOD_MATCH = YES;
				"CODE_SIGN_IDENTITY[sdk=iphoneos*]" = "iPhone Developer";
				COPY_PHASE_STRIP = NO;
				DEBUG_INFORMATION_FORMAT = "dwarf-with-dsym";
				ENABLE_NS_ASSERTIONS = NO;
				ENABLE_STRICT_OBJC_MSGSEND = YES;
				GCC_C_LANGUAGE_STANDARD = gnu99;
				GCC_NO_COMMON_BLOCKS = YES;
				GCC_WARN_64_TO_32_BIT_CONVERSION = YES;
				GCC_WARN_ABOUT_RETURN_TYPE = YES_ERROR;
				GCC_WARN_UNDECLARED_SELECTOR = YES;
				GCC_WARN_UNINITIALIZED_AUTOS = YES_AGGRESSIVE;
				GCC_WARN_UNUSED_FUNCTION = YES;
				GCC_WARN_UNUSED_VARIABLE = YES;
				IPHONEOS_DEPLOYMENT_TARGET = 10.3;
				MTL_ENABLE_DEBUG_INFO = NO;
				SDKROOT = iphoneos;
				SWIFT_OPTIMIZATION_LEVEL = "-Owholemodule";
				TARGETED_DEVICE_FAMILY = "1,2";
				VALIDATE_PRODUCT = YES;
			};
			name = Release;
		};
		D0BF59281F21386D0088F24F /* Debug */ = {
			isa = XCBuildConfiguration;
			buildSettings = {
				ASSETCATALOG_COMPILER_APPICON_NAME = AppIcon;
				DEVELOPMENT_TEAM = BUWXTRA9GU;
				INFOPLIST_FILE = Project/Info.plist;
				IPHONEOS_DEPLOYMENT_TARGET = 10.3;
				LD_RUNPATH_SEARCH_PATHS = "$(inherited) @executable_path/Frameworks";
				PRODUCT_BUNDLE_IDENTIFIER = com.SateekLambton.Project2;
				PRODUCT_NAME = "$(TARGET_NAME)";
				SWIFT_VERSION = 3.0;
			};
			name = Debug;
		};
		D0BF59291F21386D0088F24F /* Release */ = {
			isa = XCBuildConfiguration;
			buildSettings = {
				ASSETCATALOG_COMPILER_APPICON_NAME = AppIcon;
				DEVELOPMENT_TEAM = BUWXTRA9GU;
				INFOPLIST_FILE = Project/Info.plist;
				IPHONEOS_DEPLOYMENT_TARGET = 10.3;
				LD_RUNPATH_SEARCH_PATHS = "$(inherited) @executable_path/Frameworks";
				PRODUCT_BUNDLE_IDENTIFIER = com.SateekLambton.Project2;
				PRODUCT_NAME = "$(TARGET_NAME)";
				SWIFT_VERSION = 3.0;
			};
			name = Release;
		};
/* End XCBuildConfiguration section */

/* Begin XCConfigurationList section */
		D0BF590D1F21386C0088F24F /* Build configuration list for PBXProject "Project" */ = {
			isa = XCConfigurationList;
			buildConfigurations = (
				D0BF59251F21386D0088F24F /* Debug */,
				D0BF59261F21386D0088F24F /* Release */,
			);
			defaultConfigurationIsVisible = 0;
			defaultConfigurationName = Release;
		};
		D0BF59271F21386D0088F24F /* Build configuration list for PBXNativeTarget "Project" */ = {
			isa = XCConfigurationList;
			buildConfigurations = (
				D0BF59281F21386D0088F24F /* Debug */,
				D0BF59291F21386D0088F24F /* Release */,
			);
			defaultConfigurationIsVisible = 0;
			defaultConfigurationName = Release;
		};
/* End XCConfigurationList section */

/* Begin XCVersionGroup section */
		D0BF591C1F21386C0088F24F /* Project.xcdatamodeld */ = {
			isa = XCVersionGroup;
			children = (
				D0BF591D1F21386C0088F24F /* Project.xcdatamodel */,
			);
			currentVersion = D0BF591D1F21386C0088F24F /* Project.xcdatamodel */;
			path = Project.xcdatamodeld;
			sourceTree = "<group>";
			versionGroupType = wrapper.xcdatamodel;
		};
/* End XCVersionGroup section */
	};
	rootObject = D0BF590A1F21386C0088F24F /* Project object */;
}
